
Microsoft Visual Studio Solution File, Format Version 12.00
# Visual Studio 15
VisualStudioVersion = 15.0.27428.2027
MinimumVisualStudioVersion = 10.0.40219.1
Project("{FAE04EC0-301F-11D3-BF4B-00C04F79EFBC}") = "Harjoitus3_7", "Harjoitus3_7\Harjoitus3_7.csproj", "{6757A2BE-A0CD-4777-8B20-3D8CCE829C8D}"
EndProject
Global
	GlobalSection(SolutionConfigurationPlatforms) = preSolution
		Debug|Any CPU = Debug|Any CPU
		Release|Any CPU = Release|Any CPU
	EndGlobalSection
	GlobalSection(ProjectConfigurationPlatforms) = postSolution
		{6757A2BE-A0CD-4777-8B20-3D8CCE829C8D}.Debug|Any CPU.ActiveCfg = Debug|Any CPU
		{6757A2BE-A0CD-4777-8B20-3D8CCE829C8D}.Debug|Any CPU.Build.0 = Debug|Any CPU
		{6757A2BE-A0CD-4777-8B20-3D8CCE829C8D}.Release|Any CPU.ActiveCfg = Release|Any CPU
		{6757A2BE-A0CD-4777-8B20-3D8CCE829C8D}.Release|Any CPU.Build.0 = Release|Any CPU
	EndGlobalSection
	GlobalSection(SolutionProperties) = preSolution
		HideSolutionNode = FALSE
	EndGlobalSection
	GlobalSection(ExtensibilityGlobals) = postSolution
		SolutionGuid = {61B478A7-F184-4E8A-BE86-9F159555289B}
	EndGlobalSection
EndGlobal
