
Microsoft Visual Studio Solution File, Format Version 12.00
# Visual Studio 15
VisualStudioVersion = 15.0.27428.2027
MinimumVisualStudioVersion = 10.0.40219.1
Project("{FAE04EC0-301F-11D3-BF4B-00C04F79EFBC}") = "Konsultit", "Konsultit\Konsultit.csproj", "{7294A8D7-37DC-488A-B867-5C1DDF4BFF23}"
EndProject
Global
	GlobalSection(SolutionConfigurationPlatforms) = preSolution
		Debug|Any CPU = Debug|Any CPU
		Release|Any CPU = Release|Any CPU
	EndGlobalSection
	GlobalSection(ProjectConfigurationPlatforms) = postSolution
		{7294A8D7-37DC-488A-B867-5C1DDF4BFF23}.Debug|Any CPU.ActiveCfg = Debug|Any CPU
		{7294A8D7-37DC-488A-B867-5C1DDF4BFF23}.Debug|Any CPU.Build.0 = Debug|Any CPU
		{7294A8D7-37DC-488A-B867-5C1DDF4BFF23}.Release|Any CPU.ActiveCfg = Release|Any CPU
		{7294A8D7-37DC-488A-B867-5C1DDF4BFF23}.Release|Any CPU.Build.0 = Release|Any CPU
	EndGlobalSection
	GlobalSection(SolutionProperties) = preSolution
		HideSolutionNode = FALSE
	EndGlobalSection
	GlobalSection(ExtensibilityGlobals) = postSolution
		SolutionGuid = {FDDDB5EF-29B9-40E3-B67D-BC80FD20A8A1}
	EndGlobalSection
EndGlobal
