
Microsoft Visual Studio Solution File, Format Version 12.00
# Visual Studio 15
VisualStudioVersion = 15.0.27428.2027
MinimumVisualStudioVersion = 10.0.40219.1
Project("{FAE04EC0-301F-11D3-BF4B-00C04F79EFBC}") = "Harjoitus5_3", "Harjoitus5_3\Harjoitus5_3.csproj", "{7C8B3EE4-D013-4F0C-8427-FCCB0F5A6171}"
EndProject
Global
	GlobalSection(SolutionConfigurationPlatforms) = preSolution
		Debug|Any CPU = Debug|Any CPU
		Release|Any CPU = Release|Any CPU
	EndGlobalSection
	GlobalSection(ProjectConfigurationPlatforms) = postSolution
		{7C8B3EE4-D013-4F0C-8427-FCCB0F5A6171}.Debug|Any CPU.ActiveCfg = Debug|Any CPU
		{7C8B3EE4-D013-4F0C-8427-FCCB0F5A6171}.Debug|Any CPU.Build.0 = Debug|Any CPU
		{7C8B3EE4-D013-4F0C-8427-FCCB0F5A6171}.Release|Any CPU.ActiveCfg = Release|Any CPU
		{7C8B3EE4-D013-4F0C-8427-FCCB0F5A6171}.Release|Any CPU.Build.0 = Release|Any CPU
	EndGlobalSection
	GlobalSection(SolutionProperties) = preSolution
		HideSolutionNode = FALSE
	EndGlobalSection
	GlobalSection(ExtensibilityGlobals) = postSolution
		SolutionGuid = {1C1D7063-745F-4FA7-8AE8-FBF3F349952A}
	EndGlobalSection
EndGlobal
