
Microsoft Visual Studio Solution File, Format Version 12.00
# Visual Studio 15
VisualStudioVersion = 15.0.27428.2027
MinimumVisualStudioVersion = 10.0.40219.1
Project("{FAE04EC0-301F-11D3-BF4B-00C04F79EFBC}") = "Harjoitus7_3", "Harjoitus7_3\Harjoitus7_3.csproj", "{3203D7EC-264A-47F5-AC10-B11A1E3F92C5}"
EndProject
Global
	GlobalSection(SolutionConfigurationPlatforms) = preSolution
		Debug|Any CPU = Debug|Any CPU
		Release|Any CPU = Release|Any CPU
	EndGlobalSection
	GlobalSection(ProjectConfigurationPlatforms) = postSolution
		{3203D7EC-264A-47F5-AC10-B11A1E3F92C5}.Debug|Any CPU.ActiveCfg = Debug|Any CPU
		{3203D7EC-264A-47F5-AC10-B11A1E3F92C5}.Debug|Any CPU.Build.0 = Debug|Any CPU
		{3203D7EC-264A-47F5-AC10-B11A1E3F92C5}.Release|Any CPU.ActiveCfg = Release|Any CPU
		{3203D7EC-264A-47F5-AC10-B11A1E3F92C5}.Release|Any CPU.Build.0 = Release|Any CPU
	EndGlobalSection
	GlobalSection(SolutionProperties) = preSolution
		HideSolutionNode = FALSE
	EndGlobalSection
	GlobalSection(ExtensibilityGlobals) = postSolution
		SolutionGuid = {7E170A0B-54B6-4C8A-A06F-2DB1A567FECD}
	EndGlobalSection
EndGlobal
