
Microsoft Visual Studio Solution File, Format Version 12.00
# Visual Studio 15
VisualStudioVersion = 15.0.27428.2027
MinimumVisualStudioVersion = 10.0.40219.1
Project("{FAE04EC0-301F-11D3-BF4B-00C04F79EFBC}") = "Arkisto", "Arkisto\Arkisto.csproj", "{5EA4D297-A74F-40CB-BEA7-F74BAAF2C758}"
EndProject
Global
	GlobalSection(SolutionConfigurationPlatforms) = preSolution
		Debug|Any CPU = Debug|Any CPU
		Release|Any CPU = Release|Any CPU
	EndGlobalSection
	GlobalSection(ProjectConfigurationPlatforms) = postSolution
		{5EA4D297-A74F-40CB-BEA7-F74BAAF2C758}.Debug|Any CPU.ActiveCfg = Debug|Any CPU
		{5EA4D297-A74F-40CB-BEA7-F74BAAF2C758}.Debug|Any CPU.Build.0 = Debug|Any CPU
		{5EA4D297-A74F-40CB-BEA7-F74BAAF2C758}.Release|Any CPU.ActiveCfg = Release|Any CPU
		{5EA4D297-A74F-40CB-BEA7-F74BAAF2C758}.Release|Any CPU.Build.0 = Release|Any CPU
	EndGlobalSection
	GlobalSection(SolutionProperties) = preSolution
		HideSolutionNode = FALSE
	EndGlobalSection
	GlobalSection(ExtensibilityGlobals) = postSolution
		SolutionGuid = {34092EDC-1971-4F7F-9D19-E8E0AEBED9D4}
	EndGlobalSection
EndGlobal
