
Microsoft Visual Studio Solution File, Format Version 12.00
# Visual Studio 15
VisualStudioVersion = 15.0.27428.2027
MinimumVisualStudioVersion = 10.0.40219.1
Project("{FAE04EC0-301F-11D3-BF4B-00C04F79EFBC}") = "Harjoitus7_4", "Harjoitus7_4\Harjoitus7_4.csproj", "{8FCCCF6C-B23B-4D15-8569-6A6EBEB9D77B}"
EndProject
Global
	GlobalSection(SolutionConfigurationPlatforms) = preSolution
		Debug|Any CPU = Debug|Any CPU
		Release|Any CPU = Release|Any CPU
	EndGlobalSection
	GlobalSection(ProjectConfigurationPlatforms) = postSolution
		{8FCCCF6C-B23B-4D15-8569-6A6EBEB9D77B}.Debug|Any CPU.ActiveCfg = Debug|Any CPU
		{8FCCCF6C-B23B-4D15-8569-6A6EBEB9D77B}.Debug|Any CPU.Build.0 = Debug|Any CPU
		{8FCCCF6C-B23B-4D15-8569-6A6EBEB9D77B}.Release|Any CPU.ActiveCfg = Release|Any CPU
		{8FCCCF6C-B23B-4D15-8569-6A6EBEB9D77B}.Release|Any CPU.Build.0 = Release|Any CPU
	EndGlobalSection
	GlobalSection(SolutionProperties) = preSolution
		HideSolutionNode = FALSE
	EndGlobalSection
	GlobalSection(ExtensibilityGlobals) = postSolution
		SolutionGuid = {1F689DFA-88C8-433F-BABC-CCCE2EBEF001}
	EndGlobalSection
EndGlobal
