
Microsoft Visual Studio Solution File, Format Version 12.00
# Visual Studio 15
VisualStudioVersion = 15.0.27428.2027
MinimumVisualStudioVersion = 10.0.40219.1
Project("{FAE04EC0-301F-11D3-BF4B-00C04F79EFBC}") = "Harjoitus2_2", "Harjoitus2_2\Harjoitus2_2.csproj", "{D7820733-1CBD-496D-89AB-A57169544495}"
EndProject
Global
	GlobalSection(SolutionConfigurationPlatforms) = preSolution
		Debug|Any CPU = Debug|Any CPU
		Release|Any CPU = Release|Any CPU
	EndGlobalSection
	GlobalSection(ProjectConfigurationPlatforms) = postSolution
		{D7820733-1CBD-496D-89AB-A57169544495}.Debug|Any CPU.ActiveCfg = Debug|Any CPU
		{D7820733-1CBD-496D-89AB-A57169544495}.Debug|Any CPU.Build.0 = Debug|Any CPU
		{D7820733-1CBD-496D-89AB-A57169544495}.Release|Any CPU.ActiveCfg = Release|Any CPU
		{D7820733-1CBD-496D-89AB-A57169544495}.Release|Any CPU.Build.0 = Release|Any CPU
	EndGlobalSection
	GlobalSection(SolutionProperties) = preSolution
		HideSolutionNode = FALSE
	EndGlobalSection
	GlobalSection(ExtensibilityGlobals) = postSolution
		SolutionGuid = {27DFFEEA-CCE6-4B9D-8A36-56FB6ACACDCF}
	EndGlobalSection
EndGlobal
