
Microsoft Visual Studio Solution File, Format Version 12.00
# Visual Studio 15
VisualStudioVersion = 15.0.27428.2027
MinimumVisualStudioVersion = 10.0.40219.1
Project("{FAE04EC0-301F-11D3-BF4B-00C04F79EFBC}") = "Harjoitus4_7", "Harjoitus4_7\Harjoitus4_7.csproj", "{F5EEA80F-B3E0-40E7-ABF6-B871EA8A001C}"
EndProject
Global
	GlobalSection(SolutionConfigurationPlatforms) = preSolution
		Debug|Any CPU = Debug|Any CPU
		Release|Any CPU = Release|Any CPU
	EndGlobalSection
	GlobalSection(ProjectConfigurationPlatforms) = postSolution
		{F5EEA80F-B3E0-40E7-ABF6-B871EA8A001C}.Debug|Any CPU.ActiveCfg = Debug|Any CPU
		{F5EEA80F-B3E0-40E7-ABF6-B871EA8A001C}.Debug|Any CPU.Build.0 = Debug|Any CPU
		{F5EEA80F-B3E0-40E7-ABF6-B871EA8A001C}.Release|Any CPU.ActiveCfg = Release|Any CPU
		{F5EEA80F-B3E0-40E7-ABF6-B871EA8A001C}.Release|Any CPU.Build.0 = Release|Any CPU
	EndGlobalSection
	GlobalSection(SolutionProperties) = preSolution
		HideSolutionNode = FALSE
	EndGlobalSection
	GlobalSection(ExtensibilityGlobals) = postSolution
		SolutionGuid = {7D33558D-663E-4520-B8CC-F04A5DE7CCC6}
	EndGlobalSection
EndGlobal
