
Microsoft Visual Studio Solution File, Format Version 12.00
# Visual Studio 15
VisualStudioVersion = 15.0.27428.2027
MinimumVisualStudioVersion = 10.0.40219.1
Project("{FAE04EC0-301F-11D3-BF4B-00C04F79EFBC}") = "Harjoitus2_3", "Harjoitus2_3\Harjoitus2_3.csproj", "{08AEEBD3-B8DC-4801-9580-4E215A150E15}"
EndProject
Global
	GlobalSection(SolutionConfigurationPlatforms) = preSolution
		Debug|Any CPU = Debug|Any CPU
		Release|Any CPU = Release|Any CPU
	EndGlobalSection
	GlobalSection(ProjectConfigurationPlatforms) = postSolution
		{08AEEBD3-B8DC-4801-9580-4E215A150E15}.Debug|Any CPU.ActiveCfg = Debug|Any CPU
		{08AEEBD3-B8DC-4801-9580-4E215A150E15}.Debug|Any CPU.Build.0 = Debug|Any CPU
		{08AEEBD3-B8DC-4801-9580-4E215A150E15}.Release|Any CPU.ActiveCfg = Release|Any CPU
		{08AEEBD3-B8DC-4801-9580-4E215A150E15}.Release|Any CPU.Build.0 = Release|Any CPU
	EndGlobalSection
	GlobalSection(SolutionProperties) = preSolution
		HideSolutionNode = FALSE
	EndGlobalSection
	GlobalSection(ExtensibilityGlobals) = postSolution
		SolutionGuid = {D012F22C-B93F-418A-AA6C-1D09BB67C947}
	EndGlobalSection
EndGlobal
