
Microsoft Visual Studio Solution File, Format Version 12.00
# Visual Studio 15
VisualStudioVersion = 15.0.27428.2027
MinimumVisualStudioVersion = 10.0.40219.1
Project("{FAE04EC0-301F-11D3-BF4B-00C04F79EFBC}") = "Luokkatehtävä", "Luokkatehtävä\Luokkatehtävä.csproj", "{12972942-FE4B-4364-B15E-A1810C3E9966}"
EndProject
Global
	GlobalSection(SolutionConfigurationPlatforms) = preSolution
		Debug|Any CPU = Debug|Any CPU
		Release|Any CPU = Release|Any CPU
	EndGlobalSection
	GlobalSection(ProjectConfigurationPlatforms) = postSolution
		{12972942-FE4B-4364-B15E-A1810C3E9966}.Debug|Any CPU.ActiveCfg = Debug|Any CPU
		{12972942-FE4B-4364-B15E-A1810C3E9966}.Debug|Any CPU.Build.0 = Debug|Any CPU
		{12972942-FE4B-4364-B15E-A1810C3E9966}.Release|Any CPU.ActiveCfg = Release|Any CPU
		{12972942-FE4B-4364-B15E-A1810C3E9966}.Release|Any CPU.Build.0 = Release|Any CPU
	EndGlobalSection
	GlobalSection(SolutionProperties) = preSolution
		HideSolutionNode = FALSE
	EndGlobalSection
	GlobalSection(ExtensibilityGlobals) = postSolution
		SolutionGuid = {BBD907E2-5215-45AC-BF44-B187863A97BE}
	EndGlobalSection
EndGlobal
