
Microsoft Visual Studio Solution File, Format Version 12.00
# Visual Studio 15
VisualStudioVersion = 15.0.27428.2027
MinimumVisualStudioVersion = 10.0.40219.1
Project("{FAE04EC0-301F-11D3-BF4B-00C04F79EFBC}") = "Harjoitus2_4", "Harjoitus2_4\Harjoitus2_4.csproj", "{4DE5EFDB-0D57-4357-91D6-EA0B745D52E1}"
EndProject
Global
	GlobalSection(SolutionConfigurationPlatforms) = preSolution
		Debug|Any CPU = Debug|Any CPU
		Release|Any CPU = Release|Any CPU
	EndGlobalSection
	GlobalSection(ProjectConfigurationPlatforms) = postSolution
		{4DE5EFDB-0D57-4357-91D6-EA0B745D52E1}.Debug|Any CPU.ActiveCfg = Debug|Any CPU
		{4DE5EFDB-0D57-4357-91D6-EA0B745D52E1}.Debug|Any CPU.Build.0 = Debug|Any CPU
		{4DE5EFDB-0D57-4357-91D6-EA0B745D52E1}.Release|Any CPU.ActiveCfg = Release|Any CPU
		{4DE5EFDB-0D57-4357-91D6-EA0B745D52E1}.Release|Any CPU.Build.0 = Release|Any CPU
	EndGlobalSection
	GlobalSection(SolutionProperties) = preSolution
		HideSolutionNode = FALSE
	EndGlobalSection
	GlobalSection(ExtensibilityGlobals) = postSolution
		SolutionGuid = {AAC8ED86-FF64-4DA7-9EBA-6BE3EABEC5C4}
	EndGlobalSection
EndGlobal
