
Microsoft Visual Studio Solution File, Format Version 12.00
# Visual Studio 15
VisualStudioVersion = 15.0.27428.2027
MinimumVisualStudioVersion = 10.0.40219.1
Project("{FAE04EC0-301F-11D3-BF4B-00C04F79EFBC}") = "Harjoitus5_1", "Harjoitus5_1\Harjoitus5_1.csproj", "{6AF57DF0-5E18-4BE5-B324-41EE441290C9}"
EndProject
Global
	GlobalSection(SolutionConfigurationPlatforms) = preSolution
		Debug|Any CPU = Debug|Any CPU
		Release|Any CPU = Release|Any CPU
	EndGlobalSection
	GlobalSection(ProjectConfigurationPlatforms) = postSolution
		{6AF57DF0-5E18-4BE5-B324-41EE441290C9}.Debug|Any CPU.ActiveCfg = Debug|Any CPU
		{6AF57DF0-5E18-4BE5-B324-41EE441290C9}.Debug|Any CPU.Build.0 = Debug|Any CPU
		{6AF57DF0-5E18-4BE5-B324-41EE441290C9}.Release|Any CPU.ActiveCfg = Release|Any CPU
		{6AF57DF0-5E18-4BE5-B324-41EE441290C9}.Release|Any CPU.Build.0 = Release|Any CPU
	EndGlobalSection
	GlobalSection(SolutionProperties) = preSolution
		HideSolutionNode = FALSE
	EndGlobalSection
	GlobalSection(ExtensibilityGlobals) = postSolution
		SolutionGuid = {1FD2044D-59A7-4462-A00E-8F81FFA0C76A}
	EndGlobalSection
EndGlobal
