
Microsoft Visual Studio Solution File, Format Version 12.00
# Visual Studio 15
VisualStudioVersion = 15.0.27428.2027
MinimumVisualStudioVersion = 10.0.40219.1
Project("{FAE04EC0-301F-11D3-BF4B-00C04F79EFBC}") = "Harjoitus8_1", "Harjoitus8_1\Harjoitus8_1.csproj", "{BC7470A0-EBD2-4762-8BC0-459325DC66DA}"
EndProject
Global
	GlobalSection(SolutionConfigurationPlatforms) = preSolution
		Debug|Any CPU = Debug|Any CPU
		Release|Any CPU = Release|Any CPU
	EndGlobalSection
	GlobalSection(ProjectConfigurationPlatforms) = postSolution
		{BC7470A0-EBD2-4762-8BC0-459325DC66DA}.Debug|Any CPU.ActiveCfg = Debug|Any CPU
		{BC7470A0-EBD2-4762-8BC0-459325DC66DA}.Debug|Any CPU.Build.0 = Debug|Any CPU
		{BC7470A0-EBD2-4762-8BC0-459325DC66DA}.Release|Any CPU.ActiveCfg = Release|Any CPU
		{BC7470A0-EBD2-4762-8BC0-459325DC66DA}.Release|Any CPU.Build.0 = Release|Any CPU
	EndGlobalSection
	GlobalSection(SolutionProperties) = preSolution
		HideSolutionNode = FALSE
	EndGlobalSection
	GlobalSection(ExtensibilityGlobals) = postSolution
		SolutionGuid = {3FE2F190-370B-4F98-8B85-50194CC931F0}
	EndGlobalSection
EndGlobal
