
Microsoft Visual Studio Solution File, Format Version 12.00
# Visual Studio 15
VisualStudioVersion = 15.0.27428.2027
MinimumVisualStudioVersion = 10.0.40219.1
Project("{FAE04EC0-301F-11D3-BF4B-00C04F79EFBC}") = "Harjoitus4_5B", "Harjoitus4_5B\Harjoitus4_5B.csproj", "{C8615554-3F72-4359-A521-2DE3C78E958A}"
EndProject
Global
	GlobalSection(SolutionConfigurationPlatforms) = preSolution
		Debug|Any CPU = Debug|Any CPU
		Release|Any CPU = Release|Any CPU
	EndGlobalSection
	GlobalSection(ProjectConfigurationPlatforms) = postSolution
		{C8615554-3F72-4359-A521-2DE3C78E958A}.Debug|Any CPU.ActiveCfg = Debug|Any CPU
		{C8615554-3F72-4359-A521-2DE3C78E958A}.Debug|Any CPU.Build.0 = Debug|Any CPU
		{C8615554-3F72-4359-A521-2DE3C78E958A}.Release|Any CPU.ActiveCfg = Release|Any CPU
		{C8615554-3F72-4359-A521-2DE3C78E958A}.Release|Any CPU.Build.0 = Release|Any CPU
	EndGlobalSection
	GlobalSection(SolutionProperties) = preSolution
		HideSolutionNode = FALSE
	EndGlobalSection
	GlobalSection(ExtensibilityGlobals) = postSolution
		SolutionGuid = {611EDFF8-C4F6-4AA4-A95E-FD57F3346FB9}
	EndGlobalSection
EndGlobal
