
Microsoft Visual Studio Solution File, Format Version 12.00
# Visual Studio 15
VisualStudioVersion = 15.0.27428.2027
MinimumVisualStudioVersion = 10.0.40219.1
Project("{FAE04EC0-301F-11D3-BF4B-00C04F79EFBC}") = "Harjoitus10_2", "Harjoitus10_2\Harjoitus10_2.csproj", "{158E7B3E-8B39-47BC-942B-11EC1655BF78}"
EndProject
Global
	GlobalSection(SolutionConfigurationPlatforms) = preSolution
		Debug|Any CPU = Debug|Any CPU
		Release|Any CPU = Release|Any CPU
	EndGlobalSection
	GlobalSection(ProjectConfigurationPlatforms) = postSolution
		{158E7B3E-8B39-47BC-942B-11EC1655BF78}.Debug|Any CPU.ActiveCfg = Debug|Any CPU
		{158E7B3E-8B39-47BC-942B-11EC1655BF78}.Debug|Any CPU.Build.0 = Debug|Any CPU
		{158E7B3E-8B39-47BC-942B-11EC1655BF78}.Release|Any CPU.ActiveCfg = Release|Any CPU
		{158E7B3E-8B39-47BC-942B-11EC1655BF78}.Release|Any CPU.Build.0 = Release|Any CPU
	EndGlobalSection
	GlobalSection(SolutionProperties) = preSolution
		HideSolutionNode = FALSE
	EndGlobalSection
	GlobalSection(ExtensibilityGlobals) = postSolution
		SolutionGuid = {3ECF8FC6-90F6-432F-83DB-0B45393B958A}
	EndGlobalSection
EndGlobal
