
Microsoft Visual Studio Solution File, Format Version 12.00
# Visual Studio 15
VisualStudioVersion = 15.0.27428.2027
MinimumVisualStudioVersion = 10.0.40219.1
Project("{FAE04EC0-301F-11D3-BF4B-00C04F79EFBC}") = "Harjoitus6_2", "Harjoitus6_2\Harjoitus6_2.csproj", "{F7D3917A-D93A-4AFF-AE59-2680B2C5EB2A}"
EndProject
Global
	GlobalSection(SolutionConfigurationPlatforms) = preSolution
		Debug|Any CPU = Debug|Any CPU
		Release|Any CPU = Release|Any CPU
	EndGlobalSection
	GlobalSection(ProjectConfigurationPlatforms) = postSolution
		{F7D3917A-D93A-4AFF-AE59-2680B2C5EB2A}.Debug|Any CPU.ActiveCfg = Debug|Any CPU
		{F7D3917A-D93A-4AFF-AE59-2680B2C5EB2A}.Debug|Any CPU.Build.0 = Debug|Any CPU
		{F7D3917A-D93A-4AFF-AE59-2680B2C5EB2A}.Release|Any CPU.ActiveCfg = Release|Any CPU
		{F7D3917A-D93A-4AFF-AE59-2680B2C5EB2A}.Release|Any CPU.Build.0 = Release|Any CPU
	EndGlobalSection
	GlobalSection(SolutionProperties) = preSolution
		HideSolutionNode = FALSE
	EndGlobalSection
	GlobalSection(ExtensibilityGlobals) = postSolution
		SolutionGuid = {AAC0B4E9-483E-447E-97D9-D8DFF02C9950}
	EndGlobalSection
EndGlobal
